{
  "name": "nuntius-spike",
  "version": "0.0.0",
  "lockfileVersion": 3,
  "requires": true,
  "packages": {
    "": {
      "name": "nuntius-spike",
      "version": "0.0.0",
      "dependencies": {
        "@solana-program/system": "0.13.0",
        "@solana-program/token": "0.15.0",
        "@solana/kit": "7.1.1",
        "@solana/subscriptions": "0.5.0"
      }
    },
    "node_modules/@noble/curves": {
      "version": "1.9.7",
      "resolved": "https://registry.npmjs.org/@noble/curves/-/curves-1.9.7.tgz",
      "integrity": "sha512-gbKGcRUYIjA3/zCCNaWDciTMFI0dCkvou3TL8Zmy5Nc7sJ47a0jtOeZoTaMxkuqRo9cRhjOdZJXegxYE5FN/xw==",
      "license": "MIT",
      "dependencies": {
        "@noble/hashes": "1.8.0"
      },
      "engines": {
        "node": "^14.21.3 || >=16"
      },
      "funding": {
        "url": "https://paulmillr.com/funding/"
      }
    },
    "node_modules/@noble/hashes": {
      "version": "1.8.0",
      "resolved": "https://registry.npmjs.org/@noble/hashes/-/hashes-1.8.0.tgz",
      "integrity": "sha512-jCs9ldd7NwzpgXDIf6P3+NrHh9/sD6CQdxHyjQI+h/6rDNo88ypBxxz45UDuZHz9r3tNz7N/VInSVoVdtXEI4A==",
      "license": "MIT",
      "engines": {
        "node": "^14.21.3 || >=16"
      },
      "funding": {
        "url": "https://paulmillr.com/funding/"
      }
    },
    "node_modules/@solana-program/record": {
      "version": "0.3.0",
      "resolved": "https://registry.npmjs.org/@solana-program/record/-/record-0.3.0.tgz",
      "integrity": "sha512-q8z86INfXRQ5357qgVBrw05vC+u3xg8Vb4E1gEwnYUvAkL3cbJSjWVfTlGRiGWYmPNq/FYIWbsFrhsxXyhaJ+w==",
      "license": "Apache-2.0",
      "engines": {
        "node": ">=24.0.0"
      },
      "peerDependencies": {
        "@solana/kit": "^7.0.0"
      }
    },
    "node_modules/@solana-program/system": {
      "version": "0.13.0",
      "resolved": "https://registry.npmjs.org/@solana-program/system/-/system-0.13.0.tgz",
      "integrity": "sha512-Id6QQxCG7ByImXPD5X/c3Ag2kySD+49aJ9waIkfxyUFyokhMQgxYQAx2rKuaygaBlaBQY6VVfBS46pqxZV+99A==",
      "license": "Apache-2.0",
      "peerDependencies": {
        "@solana/kit": "^7.0.0"
      }
    },
    "node_modules/@solana-program/token": {
      "version": "0.15.0",
      "resolved": "https://registry.npmjs.org/@solana-program/token/-/token-0.15.0.tgz",
      "integrity": "sha512-SeLm08EYIfT453I6lo7wTGgfMbz1s7bJ1jSHFHBFebSJHD3xF46zRgMxq3YKRlr/RM8jN0cG8SjZVu+IDvMxEA==",
      "license": "Apache-2.0",
      "dependencies": {
        "@solana-program/system": "^0.13.0"
      },
      "engines": {
        "node": ">=24.0.0"
      },
      "peerDependencies": {
        "@solana/kit": "^7.0.0"
      }
    },
    "node_modules/@solana-program/token-2022": {
      "version": "0.14.1",
      "resolved": "https://registry.npmjs.org/@solana-program/token-2022/-/token-2022-0.14.1.tgz",
      "integrity": "sha512-8yDF8xgEYU3HyfT4o7nLKHKMWQr3r2+1zBFojWYMkRyVh6YjuPO6Sxzf+p9trvL9Ddwp0d8SvqmMdYeErBZROA==",
      "license": "Apache-2.0",
      "dependencies": {
        "@noble/curves": "^1.9.7",
        "@solana-program/record": "^0.3.0",
        "@solana-program/zk-elgamal-proof": "^0.3.2"
      },
      "engines": {
        "node": ">=24.0.0"
      },
      "peerDependencies": {
        "@solana/kit": "^7.0.0",
        "@solana/sysvars": "^7.0.0",
        "@solana/zk-sdk": "^0.4.2"
      },
      "peerDependenciesMeta": {
        "@solana/zk-sdk": {
          "optional": true
        }
      }
    },
    "node_modules/@solana-program/zk-elgamal-proof": {
      "version": "0.3.2",
      "resolved": "https://registry.npmjs.org/@solana-program/zk-elgamal-proof/-/zk-elgamal-proof-0.3.2.tgz",
      "integrity": "sha512-bCiRVKtqYZpajgC2RVypZL4A0xHjQYVEsVSNMTtPJ1jjE5KOUvsXhnngGMYShK6BHv+fQP4F8QKvEVW/HOSFAg==",
      "license": "Apache-2.0",
      "dependencies": {
        "@solana-program/system": "^0.13.0"
      },
      "peerDependencies": {
        "@solana/kit": "^7.0.0"
      }
    },
    "node_modules/@solana/accounts": {
      "version": "7.1.1",
      "resolved": "https://registry.npmjs.org/@solana/accounts/-/accounts-7.1.1.tgz",
      "integrity": "sha512-7sy9VIFMdmu/7+2kVBRMU6mEvYx/DDjfam8DsBXbh+JszaTNZH3V8FutQYHRxrca3jxiumVfsy5USwKfVg8ElQ==",
      "license": "MIT",
      "dependencies": {
        "@solana/addresses": "7.1.1",
        "@solana/codecs-core": "7.1.1",
        "@solana/codecs-strings": "7.1.1",
        "@solana/errors": "7.1.1",
        "@solana/rpc-spec": "7.1.1",
        "@solana/rpc-types": "7.1.1"
      },
      "engines": {
        "node": ">=20.18.0"
      },
      "peerDependencies": {
        "typescript": ">=5.4.0"
      },
      "peerDependenciesMeta": {
        "typescript": {
          "optional": true
        }
      }
    },
    "node_modules/@solana/addresses": {
      "version": "7.1.1",
      "resolved": "https://registry.npmjs.org/@solana/addresses/-/addresses-7.1.1.tgz",
      "integrity": "sha512-/Tk2aTOT7UEcaJrdEcB3+SK09v5cZ/92NWqHBzEobxusTPNoeOFxa3MwV74Q1MgPecWdLz7TPreEhAKpcvV/vw==",
      "license": "MIT",
      "dependencies": {
        "@solana/assertions": "7.1.1",
        "@solana/codecs-core": "7.1.1",
        "@solana/codecs-strings": "7.1.1",
        "@solana/errors": "7.1.1",
        "@solana/nominal-types": "7.1.1"
      },
      "engines": {
        "node": ">=20.18.0"
      },
      "peerDependencies": {
        "typescript": ">=5.4.0"
      },
      "peerDependenciesMeta": {
        "typescript": {
          "optional": true
        }
      }
    },
    "node_modules/@solana/assertions": {
      "version": "7.1.1",
      "resolved": "https://registry.npmjs.org/@solana/assertions/-/assertions-7.1.1.tgz",
      "integrity": "sha512-tD07UKuw5i9Tw5xloVH+TUMrLzbHKixaB4DlGXumMEQU+JbYRPtFNqtMlrpVLuVM45nkbPfFp2Da0sXNRIqFHA==",
      "license": "MIT",
      "dependencies": {
        "@solana/errors": "7.1.1"
      },
      "engines": {
        "node": ">=20.18.0"
      },
      "peerDependencies": {
        "typescript": ">=5.4.0"
      },
      "peerDependenciesMeta": {
        "typescript": {
          "optional": true
        }
      }
    },
    "node_modules/@solana/codecs": {
      "version": "7.1.1",
      "resolved": "https://registry.npmjs.org/@solana/codecs/-/codecs-7.1.1.tgz",
      "integrity": "sha512-1ZErMXzbbz7+jusem58dMO1haVWNlvFYKftc2dPhFu9MqlmZRfPS06GiZDjlLnD/6PHHBy7OKFMASoYw+fBAKg==",
      "license": "MIT",
      "dependencies": {
        "@solana/codecs-core": "7.1.1",
        "@solana/codecs-data-structures": "7.1.1",
        "@solana/codecs-numbers": "7.1.1",
        "@solana/codecs-strings": "7.1.1",
        "@solana/fixed-points": "7.1.1",
        "@solana/options": "7.1.1"
      },
      "engines": {
        "node": ">=20.18.0"
      },
      "peerDependencies": {
        "typescript": ">=5.4.0"
      },
      "peerDependenciesMeta": {
        "typescript": {
          "optional": true
        }
      }
    },
    "node_modules/@solana/codecs-core": {
      "version": "7.1.1",
      "resolved": "https://registry.npmjs.org/@solana/codecs-core/-/codecs-core-7.1.1.tgz",
      "integrity": "sha512-C1UOAQ7LH8RuCTfaij6hthTZeBlpp8GuD2g9Nag/xgiNKJGvAfVrcorb+kO/sufdYI8Lu+BiVvPeKOjQDQiKqg==",
      "license": "MIT",
      "dependencies": {
        "@solana/errors": "7.1.1"
      },
      "engines": {
        "node": ">=20.18.0"
      },
      "peerDependencies": {
        "typescript": ">=5.4.0"
      },
      "peerDependenciesMeta": {
        "typescript": {
          "optional": true
        }
      }
    },
    "node_modules/@solana/codecs-data-structures": {
      "version": "7.1.1",
      "resolved": "https://registry.npmjs.org/@solana/codecs-data-structures/-/codecs-data-structures-7.1.1.tgz",
      "integrity": "sha512-MO+wMAuaatAQ96N3HhTsd7Uno+79rJw88P+OiU2n+pHK/rZuyu1yB2j12veqK4jUNWPR0aOyCuZ4rB2idrDjpg==",
      "license": "MIT",
      "dependencies": {
        "@solana/codecs-core": "7.1.1",
        "@solana/codecs-numbers": "7.1.1",
        "@solana/errors": "7.1.1"
      },
      "engines": {
        "node": ">=20.18.0"
      },
      "peerDependencies": {
        "typescript": ">=5.4.0"
      },
      "peerDependenciesMeta": {
        "typescript": {
          "optional": true
        }
      }
    },
    "node_modules/@solana/codecs-numbers": {
      "version": "7.1.1",
      "resolved": "https://registry.npmjs.org/@solana/codecs-numbers/-/codecs-numbers-7.1.1.tgz",
      "integrity": "sha512-TWWrQq6Wp5Yf5bSc6RbxDDYCRUBBmRtRgjvUMHGp0P9K+4uFwxllRjSZFzBPHgXj3UTeZmFJdcoD271QhAgibg==",
      "license": "MIT",
      "dependencies": {
        "@solana/codecs-core": "7.1.1",
        "@solana/errors": "7.1.1"
      },
      "engines": {
        "node": ">=20.18.0"
      },
      "peerDependencies": {
        "typescript": ">=5.4.0"
      },
      "peerDependenciesMeta": {
        "typescript": {
          "optional": true
        }
      }
    },
    "node_modules/@solana/codecs-strings": {
      "version": "7.1.1",
      "resolved": "https://registry.npmjs.org/@solana/codecs-strings/-/codecs-strings-7.1.1.tgz",
      "integrity": "sha512-6qWl+atG60D2LmP47GyGapQFhVsG1sVhVrEaM3lV09vwrGOMeOZARZ4ObaQ5m6uQmM04G+f8dY9d17nCMbGHGg==",
      "license": "MIT",
      "dependencies": {
        "@solana/codecs-core": "7.1.1",
        "@solana/codecs-numbers": "7.1.1",
        "@solana/errors": "7.1.1"
      },
      "engines": {
        "node": ">=20.18.0"
      },
      "peerDependencies": {
        "fastestsmallesttextencoderdecoder": "^1.0.22",
        "typescript": ">=5.4.0"
      },
      "peerDependenciesMeta": {
        "fastestsmallesttextencoderdecoder": {
          "optional": true
        },
        "typescript": {
          "optional": true
        }
      }
    },
    "node_modules/@solana/errors": {
      "version": "7.1.1",
      "resolved": "https://registry.npmjs.org/@solana/errors/-/errors-7.1.1.tgz",
      "integrity": "sha512-q35qck8rBnNvJlPU00mnHEQm7gWvghzYz8khqVoLhjgodTzGp46VqnIOyI1LXOAF6XDal58bMNDO980MQgq8yw==",
      "license": "MIT",
      "dependencies": {
        "chalk": "5.6.2",
        "commander": "15.0.0"
      },
      "bin": {
        "errors": "bin/cli.mjs"
      },
      "engines": {
        "node": ">=20.18.0"
      },
      "peerDependencies": {
        "typescript": ">=5.4.0"
      },
      "peerDependenciesMeta": {
        "typescript": {
          "optional": true
        }
      }
    },
    "node_modules/@solana/fast-stable-stringify": {
      "version": "7.1.1",
      "resolved": "https://registry.npmjs.org/@solana/fast-stable-stringify/-/fast-stable-stringify-7.1.1.tgz",
      "integrity": "sha512-eVxOeAXYVBIWOIRfGwvuGQ6gPetQiiiOqSCK0xjwQo/yjXNVlSbpF6wLtQRnd3lbYkWsKdeV99FYe9cVY/g7/Q==",
      "license": "MIT",
      "engines": {
        "node": ">=20.18.0"
      },
      "peerDependencies": {
        "typescript": ">=5.4.0"
      },
      "peerDependenciesMeta": {
        "typescript": {
          "optional": true
        }
      }
    },
    "node_modules/@solana/fixed-points": {
      "version": "7.1.1",
      "resolved": "https://registry.npmjs.org/@solana/fixed-points/-/fixed-points-7.1.1.tgz",
      "integrity": "sha512-qPj/V7kcFG/P0kuEa1U529+5L6mbkMwRIwvYBTDgBqPOt6wOdk9/c7Qn2VUQgSV0HgCXWxdHUdwaxBrYqO2ibg==",
      "license": "MIT",
      "dependencies": {
        "@solana/codecs-core": "7.1.1",
        "@solana/errors": "7.1.1"
      },
      "engines": {
        "node": ">=20.18.0"
      },
      "peerDependencies": {
        "typescript": ">=5.4.0"
      },
      "peerDependenciesMeta": {
        "typescript": {
          "optional": true
        }
      }
    },
    "node_modules/@solana/functional": {
      "version": "7.1.1",
      "resolved": "https://registry.npmjs.org/@solana/functional/-/functional-7.1.1.tgz",
      "integrity": "sha512-AnFohvUHGrqAu3kTxxC0rZyU4JddA08hOUZ1/DT9XogCZWetBpNJktX9uNuXQe+sN4FKTX2MfL//iBFBAsxtDA==",
      "license": "MIT",
      "engines": {
        "node": ">=20.18.0"
      },
      "peerDependencies": {
        "typescript": ">=5.4.0"
      },
      "peerDependenciesMeta": {
        "typescript": {
          "optional": true
        }
      }
    },
    "node_modules/@solana/instruction-plans": {
      "version": "7.1.1",
      "resolved": "https://registry.npmjs.org/@solana/instruction-plans/-/instruction-plans-7.1.1.tgz",
      "integrity": "sha512-KQGpsjeDflMcbKCdcF4KZVHcotYMS94DveRs0ZiBOsxb45dgkYrFmQ6ExJ/2exUOVF/rlp73knAP5ACrPMIAzA==",
      "license": "MIT",
      "dependencies": {
        "@solana/errors": "7.1.1",
        "@solana/instructions": "7.1.1",
        "@solana/keys": "7.1.1",
        "@solana/promises": "7.1.1",
        "@solana/transaction-messages": "7.1.1",
        "@solana/transactions": "7.1.1"
      },
      "engines": {
        "node": ">=20.18.0"
      },
      "peerDependencies": {
        "typescript": ">=5.4.0"
      },
      "peerDependenciesMeta": {
        "typescript": {
          "optional": true
        }
      }
    },
    "node_modules/@solana/instructions": {
      "version": "7.1.1",
      "resolved": "https://registry.npmjs.org/@solana/instructions/-/instructions-7.1.1.tgz",
      "integrity": "sha512-VxMpJI++RTwaqSBLIP1GTjOPLtlYOqxOJ93ug6DlSdu9jku8M/or77DiXDUi62VmEh3bbsECR646vTJXUaPArw==",
      "license": "MIT",
      "dependencies": {
        "@solana/codecs-core": "7.1.1",
        "@solana/errors": "7.1.1"
      },
      "engines": {
        "node": ">=20.18.0"
      },
      "peerDependencies": {
        "typescript": ">=5.4.0"
      },
      "peerDependenciesMeta": {
        "typescript": {
          "optional": true
        }
      }
    },
    "node_modules/@solana/keys": {
      "version": "7.1.1",
      "resolved": "https://registry.npmjs.org/@solana/keys/-/keys-7.1.1.tgz",
      "integrity": "sha512-Rx+vzWAXUa/Ko7W6wG1HOG9B3nQFZ5dALz113WoAmBZf7iQvaLG7U4ECDM/ydR+Nbdy6wYww7zQKRIye+1d+Nw==",
      "license": "MIT",
      "dependencies": {
        "@solana/assertions": "7.1.1",
        "@solana/codecs-core": "7.1.1",
        "@solana/codecs-strings": "7.1.1",
        "@solana/errors": "7.1.1",
        "@solana/nominal-types": "7.1.1",
        "@solana/promises": "7.1.1"
      },
      "engines": {
        "node": ">=20.18.0"
      },
      "peerDependencies": {
        "typescript": ">=5.4.0"
      },
      "peerDependenciesMeta": {
        "typescript": {
          "optional": true
        }
      }
    },
    "node_modules/@solana/kit": {
      "version": "7.1.1",
      "resolved": "https://registry.npmjs.org/@solana/kit/-/kit-7.1.1.tgz",
      "integrity": "sha512-By3kv5d8fIMr2SPmvI41hBXUwn0XuDu2MC8B7anaLHtY8MENTKhjg8sSfybf/RTH3387ErxhxmrAijTiHqTy/g==",
      "license": "MIT",
      "dependencies": {
        "@solana/accounts": "7.1.1",
        "@solana/addresses": "7.1.1",
        "@solana/codecs": "7.1.1",
        "@solana/errors": "7.1.1",
        "@solana/functional": "7.1.1",
        "@solana/instruction-plans": "7.1.1",
        "@solana/instructions": "7.1.1",
        "@solana/keys": "7.1.1",
        "@solana/offchain-messages": "7.1.1",
        "@solana/plugin-core": "7.1.1",
        "@solana/plugin-interfaces": "7.1.1",
        "@solana/program-client-core": "7.1.1",
        "@solana/programs": "7.1.1",
        "@solana/promises": "7.1.1",
        "@solana/rpc": "7.1.1",
        "@solana/rpc-api": "7.1.1",
        "@solana/rpc-parsed-types": "7.1.1",
        "@solana/rpc-spec-types": "7.1.1",
        "@solana/rpc-subscriptions": "7.1.1",
        "@solana/rpc-types": "7.1.1",
        "@solana/signers": "7.1.1",
        "@solana/subscribable": "7.1.1",
        "@solana/sysvars": "7.1.1",
        "@solana/transaction-confirmation": "7.1.1",
        "@solana/transaction-introspection": "7.1.1",
        "@solana/transaction-messages": "7.1.1",
        "@solana/transactions": "7.1.1"
      },
      "engines": {
        "node": ">=20.18.0"
      },
      "peerDependencies": {
        "typescript": ">=5.4.0"
      },
      "peerDependenciesMeta": {
        "typescript": {
          "optional": true
        }
      }
    },
    "node_modules/@solana/kit-plugin-instruction-plan": {
      "version": "0.13.0",
      "resolved": "https://registry.npmjs.org/@solana/kit-plugin-instruction-plan/-/kit-plugin-instruction-plan-0.13.0.tgz",
      "integrity": "sha512-9RA94e0LLtVLN+bvGclpu8l0lAXGOGS72DxPIQ1VyGZs7vK/WTwPOqKnWhjJs2Cv/SDJ2xsCAhYkXr0UltVrOg==",
      "license": "MIT",
      "peerDependencies": {
        "@solana/kit": "^7.0.0"
      }
    },
    "node_modules/@solana/kit-plugin-rpc": {
      "version": "0.15.0",
      "resolved": "https://registry.npmjs.org/@solana/kit-plugin-rpc/-/kit-plugin-rpc-0.15.0.tgz",
      "integrity": "sha512-Abymr7WLP9yQ6ixCCv+tKzjoWpAkxJ90JWzL+pfkTAFGTpVk9N0myhMcO2ohl6yztJRMOxsw1CXWjcVecxxUlg==",
      "license": "MIT",
      "dependencies": {
        "@solana/kit-plugin-instruction-plan": "0.13.0"
      },
      "peerDependencies": {
        "@solana/kit": "^7.0.0"
      }
    },
    "node_modules/@solana/kit-plugin-signer": {
      "version": "0.13.0",
      "resolved": "https://registry.npmjs.org/@solana/kit-plugin-signer/-/kit-plugin-signer-0.13.0.tgz",
      "integrity": "sha512-Vtlyt2Td8WfeQvC30yOU7a+CFo4+loMCSQKUFwvSQvbpKG39S6UyQc1euhcvtwCbJRZR3m5nAZvHayQ1rxeUkA==",
      "license": "MIT",
      "peerDependencies": {
        "@solana/kit": "^7.0.0"
      }
    },
    "node_modules/@solana/nominal-types": {
      "version": "7.1.1",
      "resolved": "https://registry.npmjs.org/@solana/nominal-types/-/nominal-types-7.1.1.tgz",
      "integrity": "sha512-do4rmmOlSplVYN92zV6nROJxkiRn0c7juoH1lka2Pmq+cAC3QhQXKYAwWffTFYDJJDO9qCOh00uv2hhSZi6RDw==",
      "license": "MIT",
      "engines": {
        "node": ">=20.18.0"
      },
      "peerDependencies": {
        "typescript": ">=5.4.0"
      },
      "peerDependenciesMeta": {
        "typescript": {
          "optional": true
        }
      }
    },
    "node_modules/@solana/offchain-messages": {
      "version": "7.1.1",
      "resolved": "https://registry.npmjs.org/@solana/offchain-messages/-/offchain-messages-7.1.1.tgz",
      "integrity": "sha512-Py0/8HaIF0y+KSXHAWdQYDdZlGNoaqOZonTFuGKyDsrkgvod3wRc0cpZ5I/D/Rei4tVpvjNUfCXLpyoiJAZ7kg==",
      "license": "MIT",
      "dependencies": {
        "@solana/addresses": "7.1.1",
        "@solana/codecs-core": "7.1.1",
        "@solana/codecs-data-structures": "7.1.1",
        "@solana/codecs-numbers": "7.1.1",
        "@solana/codecs-strings": "7.1.1",
        "@solana/errors": "7.1.1",
        "@solana/keys": "7.1.1",
        "@solana/nominal-types": "7.1.1"
      },
      "engines": {
        "node": ">=20.18.0"
      },
      "peerDependencies": {
        "typescript": ">=5.4.0"
      },
      "peerDependenciesMeta": {
        "typescript": {
          "optional": true
        }
      }
    },
    "node_modules/@solana/options": {
      "version": "7.1.1",
      "resolved": "https://registry.npmjs.org/@solana/options/-/options-7.1.1.tgz",
      "integrity": "sha512-iuPpfMbnRFjC4IoAIpKNA9UpizomxjW0E3F1LxUYQHXm1vCoF78kThp4qqgx2V3DmDFbhXGtXGSJPwmDdpLoBg==",
      "license": "MIT",
      "dependencies": {
        "@solana/codecs-core": "7.1.1",
        "@solana/codecs-data-structures": "7.1.1",
        "@solana/codecs-numbers": "7.1.1",
        "@solana/codecs-strings": "7.1.1",
        "@solana/errors": "7.1.1"
      },
      "engines": {
        "node": ">=20.18.0"
      },
      "peerDependencies": {
        "typescript": ">=5.4.0"
      },
      "peerDependenciesMeta": {
        "typescript": {
          "optional": true
        }
      }
    },
    "node_modules/@solana/plugin-core": {
      "version": "7.1.1",
      "resolved": "https://registry.npmjs.org/@solana/plugin-core/-/plugin-core-7.1.1.tgz",
      "integrity": "sha512-35h7+QssfnT9Rwq5spUvdGc41WtTVWzJUCbiwvnUHtVwm3z96xSPwj765UtX/enfrcRHJRTDvej2ZjsvO1aeuQ==",
      "license": "MIT",
      "engines": {
        "node": ">=20.18.0"
      },
      "peerDependencies": {
        "typescript": ">=5.4.0"
      },
      "peerDependenciesMeta": {
        "typescript": {
          "optional": true
        }
      }
    },
    "node_modules/@solana/plugin-interfaces": {
      "version": "7.1.1",
      "resolved": "https://registry.npmjs.org/@solana/plugin-interfaces/-/plugin-interfaces-7.1.1.tgz",
      "integrity": "sha512-2SHkGiftGmxg5xA5esxbwiY5wf+BOUsJG5rxD64/SHadUMaN3L0SDUSJfAXETJq5dCmVWxWGGPf2yVox4RIfdA==",
      "license": "MIT",
      "dependencies": {
        "@solana/accounts": "7.1.1",
        "@solana/addresses": "7.1.1",
        "@solana/instruction-plans": "7.1.1",
        "@solana/keys": "7.1.1",
        "@solana/rpc-spec": "7.1.1",
        "@solana/rpc-subscriptions-spec": "7.1.1",
        "@solana/rpc-types": "7.1.1",
        "@solana/signers": "7.1.1"
      },
      "engines": {
        "node": ">=20.18.0"
      },
      "peerDependencies": {
        "typescript": ">=5.4.0"
      },
      "peerDependenciesMeta": {
        "typescript": {
          "optional": true
        }
      }
    },
    "node_modules/@solana/program-client-core": {
      "version": "7.1.1",
      "resolved": "https://registry.npmjs.org/@solana/program-client-core/-/program-client-core-7.1.1.tgz",
      "integrity": "sha512-zoMq8Qg6psj6tFYpA35xKhSrF/LpdiVflV6nKohxZg3ocwtRqRhQfbY8/mjCA9EfH8vqvsn5il5CnxALRqmJJA==",
      "license": "MIT",
      "dependencies": {
        "@solana/accounts": "7.1.1",
        "@solana/addresses": "7.1.1",
        "@solana/codecs-core": "7.1.1",
        "@solana/errors": "7.1.1",
        "@solana/instruction-plans": "7.1.1",
        "@solana/instructions": "7.1.1",
        "@solana/plugin-interfaces": "7.1.1",
        "@solana/rpc-api": "7.1.1",
        "@solana/signers": "7.1.1"
      },
      "engines": {
        "node": ">=20.18.0"
      },
      "peerDependencies": {
        "typescript": ">=5.4.0"
      },
      "peerDependenciesMeta": {
        "typescript": {
          "optional": true
        }
      }
    },
    "node_modules/@solana/programs": {
      "version": "7.1.1",
      "resolved": "https://registry.npmjs.org/@solana/programs/-/programs-7.1.1.tgz",
      "integrity": "sha512-nWpJKDBxj+cRpzH+lzdp+ztEm6MAothts56s7PIPFIKJe3zGRUpske0G3jIVHOGvtzCgQtmZUMCS1uBRiDRKDQ==",
      "license": "MIT",
      "dependencies": {
        "@solana/addresses": "7.1.1",
        "@solana/errors": "7.1.1"
      },
      "engines": {
        "node": ">=20.18.0"
      },
      "peerDependencies": {
        "typescript": ">=5.4.0"
      },
      "peerDependenciesMeta": {
        "typescript": {
          "optional": true
        }
      }
    },
    "node_modules/@solana/promises": {
      "version": "7.1.1",
      "resolved": "https://registry.npmjs.org/@solana/promises/-/promises-7.1.1.tgz",
      "integrity": "sha512-d3lhCfiFwiVyTRR6zhy1lcjDIh+l0a5gp1WPe64Vfa2gP0myC8P5C1Tknfjrp4d97DF3uBPqKAb5vV8hahNcNA==",
      "license": "MIT",
      "engines": {
        "node": ">=20.18.0"
      },
      "peerDependencies": {
        "typescript": ">=5.4.0"
      },
      "peerDependenciesMeta": {
        "typescript": {
          "optional": true
        }
      }
    },
    "node_modules/@solana/rpc": {
      "version": "7.1.1",
      "resolved": "https://registry.npmjs.org/@solana/rpc/-/rpc-7.1.1.tgz",
      "integrity": "sha512-yXEzCrLrWb1m5QqAJEGodJ9cqu5QiwfirSZTUWiMg1JtUl4uXOm1sqWQVLrwBz/+ctvtZTvG8+bQQAemVQiqPA==",
      "license": "MIT",
      "dependencies": {
        "@solana/errors": "7.1.1",
        "@solana/fast-stable-stringify": "7.1.1",
        "@solana/functional": "7.1.1",
        "@solana/rpc-api": "7.1.1",
        "@solana/rpc-spec": "7.1.1",
        "@solana/rpc-spec-types": "7.1.1",
        "@solana/rpc-transformers": "7.1.1",
        "@solana/rpc-transport-http": "7.1.1",
        "@solana/rpc-types": "7.1.1"
      },
      "engines": {
        "node": ">=20.18.0"
      },
      "peerDependencies": {
        "typescript": ">=5.4.0"
      },
      "peerDependenciesMeta": {
        "typescript": {
          "optional": true
        }
      }
    },
    "node_modules/@solana/rpc-api": {
      "version": "7.1.1",
      "resolved": "https://registry.npmjs.org/@solana/rpc-api/-/rpc-api-7.1.1.tgz",
      "integrity": "sha512-ELGIqNbz8apeAxCLdD1PEPAnu6KtgHmWvUbH4VqqNg2jgWquyUOfTI5rblvdflx2Hcb7GK05w8/iiUaknOQKnw==",
      "license": "MIT",
      "dependencies": {
        "@solana/addresses": "7.1.1",
        "@solana/codecs-core": "7.1.1",
        "@solana/codecs-strings": "7.1.1",
        "@solana/errors": "7.1.1",
        "@solana/keys": "7.1.1",
        "@solana/rpc-parsed-types": "7.1.1",
        "@solana/rpc-spec": "7.1.1",
        "@solana/rpc-transformers": "7.1.1",
        "@solana/rpc-types": "7.1.1",
        "@solana/transaction-messages": "7.1.1",
        "@solana/transactions": "7.1.1"
      },
      "engines": {
        "node": ">=20.18.0"
      },
      "peerDependencies": {
        "typescript": ">=5.4.0"
      },
      "peerDependenciesMeta": {
        "typescript": {
          "optional": true
        }
      }
    },
    "node_modules/@solana/rpc-parsed-types": {
      "version": "7.1.1",
      "resolved": "https://registry.npmjs.org/@solana/rpc-parsed-types/-/rpc-parsed-types-7.1.1.tgz",
      "integrity": "sha512-DiQSj2rNnhOKOTs6YDjQ2y4KuOkv8lh6moLFiQnY0+TvanJrGrQjxLSrHdCUQxymQcUxzrraZL9k6vxNzId4gw==",
      "license": "MIT",
      "engines": {
        "node": ">=20.18.0"
      },
      "peerDependencies": {
        "typescript": ">=5.4.0"
      },
      "peerDependenciesMeta": {
        "typescript": {
          "optional": true
        }
      }
    },
    "node_modules/@solana/rpc-spec": {
      "version": "7.1.1",
      "resolved": "https://registry.npmjs.org/@solana/rpc-spec/-/rpc-spec-7.1.1.tgz",
      "integrity": "sha512-1FwhgL18qasRYlWffdBNIUoxQyGLzdh3YMQW3y33M61vk/q1ldEGJRypV9B/SrXmxwqDiUbQ+m+zgainCTp1ZA==",
      "license": "MIT",
      "dependencies": {
        "@solana/errors": "7.1.1",
        "@solana/rpc-spec-types": "7.1.1",
        "@solana/subscribable": "7.1.1"
      },
      "engines": {
        "node": ">=20.18.0"
      },
      "peerDependencies": {
        "typescript": ">=5.4.0"
      },
      "peerDependenciesMeta": {
        "typescript": {
          "optional": true
        }
      }
    },
    "node_modules/@solana/rpc-spec-types": {
      "version": "7.1.1",
      "resolved": "https://registry.npmjs.org/@solana/rpc-spec-types/-/rpc-spec-types-7.1.1.tgz",
      "integrity": "sha512-FDDgXfAPfq28sQNnGhZr/+2kp5QTTcNZ5m/Q9y9Jrlux6brdPsbf9Sh1Q/lgz7i76arzNW/rzRY125RzqGWANg==",
      "license": "MIT",
      "dependencies": {
        "@solana/errors": "7.1.1"
      },
      "engines": {
        "node": ">=20.18.0"
      },
      "peerDependencies": {
        "typescript": ">=5.4.0"
      },
      "peerDependenciesMeta": {
        "typescript": {
          "optional": true
        }
      }
    },
    "node_modules/@solana/rpc-subscriptions": {
      "version": "7.1.1",
      "resolved": "https://registry.npmjs.org/@solana/rpc-subscriptions/-/rpc-subscriptions-7.1.1.tgz",
      "integrity": "sha512-5BaCgzPnf9WSEXBdASnM7iuPWtdrXKtG16qVTfm+9icLHDAkv2y62XF6XMSQQllH2k1RvLH1yOryZazAbaIyHA==",
      "license": "MIT",
      "dependencies": {
        "@solana/errors": "7.1.1",
        "@solana/fast-stable-stringify": "7.1.1",
        "@solana/functional": "7.1.1",
        "@solana/promises": "7.1.1",
        "@solana/rpc-spec-types": "7.1.1",
        "@solana/rpc-subscriptions-api": "7.1.1",
        "@solana/rpc-subscriptions-channel-websocket": "7.1.1",
        "@solana/rpc-subscriptions-spec": "7.1.1",
        "@solana/rpc-transformers": "7.1.1",
        "@solana/rpc-types": "7.1.1",
        "@solana/subscribable": "7.1.1"
      },
      "engines": {
        "node": ">=20.18.0"
      },
      "peerDependencies": {
        "typescript": ">=5.4.0"
      },
      "peerDependenciesMeta": {
        "typescript": {
          "optional": true
        }
      }
    },
    "node_modules/@solana/rpc-subscriptions-api": {
      "version": "7.1.1",
      "resolved": "https://registry.npmjs.org/@solana/rpc-subscriptions-api/-/rpc-subscriptions-api-7.1.1.tgz",
      "integrity": "sha512-QTiQHmw2I/+fzeYsqII1guASiZskS7KZwPCI+6Arfk6Hxo9hBH8APuIu6uS8beSlVfnBCoOMybVDsnPF88fAoQ==",
      "license": "MIT",
      "dependencies": {
        "@solana/addresses": "7.1.1",
        "@solana/keys": "7.1.1",
        "@solana/rpc-subscriptions-spec": "7.1.1",
        "@solana/rpc-transformers": "7.1.1",
        "@solana/rpc-types": "7.1.1",
        "@solana/transaction-messages": "7.1.1",
        "@solana/transactions": "7.1.1"
      },
      "engines": {
        "node": ">=20.18.0"
      },
      "peerDependencies": {
        "typescript": ">=5.4.0"
      },
      "peerDependenciesMeta": {
        "typescript": {
          "optional": true
        }
      }
    },
    "node_modules/@solana/rpc-subscriptions-channel-websocket": {
      "version": "7.1.1",
      "resolved": "https://registry.npmjs.org/@solana/rpc-subscriptions-channel-websocket/-/rpc-subscriptions-channel-websocket-7.1.1.tgz",
      "integrity": "sha512-DRakQwjJsvbLDMDafMC9hM82YotUwSnrzqUDsrm6+e4YpKvzjXCyWlQ9kDJtrYeAA15sNVRpfs4L9Y7SoiWgrw==",
      "license": "MIT",
      "dependencies": {
        "@solana/errors": "7.1.1",
        "@solana/functional": "7.1.1",
        "@solana/rpc-subscriptions-spec": "7.1.1",
        "@solana/subscribable": "7.1.1",
        "ws": "^8.21.0"
      },
      "engines": {
        "node": ">=20.18.0"
      },
      "peerDependencies": {
        "typescript": ">=5.4.0"
      },
      "peerDependenciesMeta": {
        "typescript": {
          "optional": true
        }
      }
    },
    "node_modules/@solana/rpc-subscriptions-spec": {
      "version": "7.1.1",
      "resolved": "https://registry.npmjs.org/@solana/rpc-subscriptions-spec/-/rpc-subscriptions-spec-7.1.1.tgz",
      "integrity": "sha512-yrqd+fV2Ae4hkzXX42aKRmTrz3FwvzKqO4h0ahs88dzSvXpy8l6Svu1k+uRgMlZ64g2P83jfQW+3Pj5fBoxmdw==",
      "license": "MIT",
      "dependencies": {
        "@solana/errors": "7.1.1",
        "@solana/promises": "7.1.1",
        "@solana/rpc-spec-types": "7.1.1",
        "@solana/subscribable": "7.1.1"
      },
      "engines": {
        "node": ">=20.18.0"
      },
      "peerDependencies": {
        "typescript": ">=5.4.0"
      },
      "peerDependenciesMeta": {
        "typescript": {
          "optional": true
        }
      }
    },
    "node_modules/@solana/rpc-transformers": {
      "version": "7.1.1",
      "resolved": "https://registry.npmjs.org/@solana/rpc-transformers/-/rpc-transformers-7.1.1.tgz",
      "integrity": "sha512-k8a/JZFso/nvPBgurOGJ/ZC6sXCtYE3lCvTj95i29pl45C4SgjdetJrAH/pWEEhQXcxaJs7OLBGmCh2enazlJw==",
      "license": "MIT",
      "dependencies": {
        "@solana/errors": "7.1.1",
        "@solana/functional": "7.1.1",
        "@solana/nominal-types": "7.1.1",
        "@solana/rpc-spec-types": "7.1.1",
        "@solana/rpc-types": "7.1.1"
      },
      "engines": {
        "node": ">=20.18.0"
      },
      "peerDependencies": {
        "typescript": ">=5.4.0"
      },
      "peerDependenciesMeta": {
        "typescript": {
          "optional": true
        }
      }
    },
    "node_modules/@solana/rpc-transport-http": {
      "version": "7.1.1",
      "resolved": "https://registry.npmjs.org/@solana/rpc-transport-http/-/rpc-transport-http-7.1.1.tgz",
      "integrity": "sha512-Tljuh/sSkKMHrTqdYNaguUOkZ0T+Oj4+yHsUjKAzRsyffNLa67jx9gd5CtGfz3tpBpxDLVdNvdIaZgkhFwXk9g==",
      "license": "MIT",
      "dependencies": {
        "@solana/errors": "7.1.1",
        "@solana/rpc-spec": "7.1.1",
        "@solana/rpc-spec-types": "7.1.1",
        "undici-types": "^8.10.0"
      },
      "engines": {
        "node": ">=20.18.0"
      },
      "peerDependencies": {
        "typescript": ">=5.4.0"
      },
      "peerDependenciesMeta": {
        "typescript": {
          "optional": true
        }
      }
    },
    "node_modules/@solana/rpc-types": {
      "version": "7.1.1",
      "resolved": "https://registry.npmjs.org/@solana/rpc-types/-/rpc-types-7.1.1.tgz",
      "integrity": "sha512-yHlSUWgynaaqevuqipGhhcZnmFVNs+F6KIlbUZ0kQY6NMVtaSzx5AQrtQjbtAQzNRsRTDYkKuQg8nOruiDoseQ==",
      "license": "MIT",
      "dependencies": {
        "@solana/addresses": "7.1.1",
        "@solana/codecs-core": "7.1.1",
        "@solana/codecs-numbers": "7.1.1",
        "@solana/codecs-strings": "7.1.1",
        "@solana/errors": "7.1.1",
        "@solana/fixed-points": "7.1.1",
        "@solana/nominal-types": "7.1.1"
      },
      "engines": {
        "node": ">=20.18.0"
      },
      "peerDependencies": {
        "typescript": ">=5.4.0"
      },
      "peerDependenciesMeta": {
        "typescript": {
          "optional": true
        }
      }
    },
    "node_modules/@solana/signers": {
      "version": "7.1.1",
      "resolved": "https://registry.npmjs.org/@solana/signers/-/signers-7.1.1.tgz",
      "integrity": "sha512-UfWYnAglm21q5hS3Op1bU5mYiWfx0VesovZcIur0uYPc3EJlfBVikl8pf745x+bB77xG6lIzNbb+99t48SQbkg==",
      "license": "MIT",
      "dependencies": {
        "@solana/addresses": "7.1.1",
        "@solana/codecs-core": "7.1.1",
        "@solana/errors": "7.1.1",
        "@solana/instructions": "7.1.1",
        "@solana/keys": "7.1.1",
        "@solana/nominal-types": "7.1.1",
        "@solana/offchain-messages": "7.1.1",
        "@solana/transaction-messages": "7.1.1",
        "@solana/transactions": "7.1.1"
      },
      "engines": {
        "node": ">=20.18.0"
      },
      "peerDependencies": {
        "typescript": ">=5.4.0"
      },
      "peerDependenciesMeta": {
        "typescript": {
          "optional": true
        }
      }
    },
    "node_modules/@solana/subscribable": {
      "version": "7.1.1",
      "resolved": "https://registry.npmjs.org/@solana/subscribable/-/subscribable-7.1.1.tgz",
      "integrity": "sha512-l4Wzc2L+7WQPeC/kaCiia1aaUY/SJJdrNHnLibKchS2pb7YbF7J2OygsweHXliWCVpG0jZwcvIVpusgygbZQLw==",
      "license": "MIT",
      "dependencies": {
        "@solana/errors": "7.1.1",
        "@solana/promises": "7.1.1"
      },
      "engines": {
        "node": ">=20.18.0"
      },
      "peerDependencies": {
        "typescript": ">=5.4.0"
      },
      "peerDependenciesMeta": {
        "typescript": {
          "optional": true
        }
      }
    },
    "node_modules/@solana/subscriptions": {
      "version": "0.5.0",
      "resolved": "https://registry.npmjs.org/@solana/subscriptions/-/subscriptions-0.5.0.tgz",
      "integrity": "sha512-N7mA5U3rqak9sSbAfB/iYGlgbuIjwGUHfNDlQRGqgXIACnxPcvA3e6f6cHkD0GITstRNxX+rg9uyE1FGGlw/Jw==",
      "license": "MIT",
      "dependencies": {
        "@solana-program/token": "^0.15.0",
        "@solana-program/token-2022": "^0.14.0",
        "@solana/kit-plugin-rpc": "^0.15.0",
        "@solana/kit-plugin-signer": "^0.13.0",
        "@solana/program-client-core": "^7.0.0"
      },
      "peerDependencies": {
        "@solana/kit": "^7.0.0"
      }
    },
    "node_modules/@solana/sysvars": {
      "version": "7.1.1",
      "resolved": "https://registry.npmjs.org/@solana/sysvars/-/sysvars-7.1.1.tgz",
      "integrity": "sha512-EscE/HKbBRKedG6AtQ0t9LOX87bw409viferac5YSuvuDxtZvbMpCCJs89uEQPVpgvHtjMJhfsjEwMK97uG9pA==",
      "license": "MIT",
      "dependencies": {
        "@solana/accounts": "7.1.1",
        "@solana/codecs-core": "7.1.1",
        "@solana/codecs-data-structures": "7.1.1",
        "@solana/codecs-numbers": "7.1.1",
        "@solana/errors": "7.1.1",
        "@solana/rpc-types": "7.1.1"
      },
      "engines": {
        "node": ">=20.18.0"
      },
      "peerDependencies": {
        "typescript": ">=5.4.0"
      },
      "peerDependenciesMeta": {
        "typescript": {
          "optional": true
        }
      }
    },
    "node_modules/@solana/transaction-confirmation": {
      "version": "7.1.1",
      "resolved": "https://registry.npmjs.org/@solana/transaction-confirmation/-/transaction-confirmation-7.1.1.tgz",
      "integrity": "sha512-Kb3V5smmMbvdft/Z/Iu9MlsF+i44f3GLK8c8TVu0+yHo41rF7OeTnOvlQ+uw1NpCfOto4GgPMFDXklIiKdauuA==",
      "license": "MIT",
      "dependencies": {
        "@solana/addresses": "7.1.1",
        "@solana/codecs-strings": "7.1.1",
        "@solana/errors": "7.1.1",
        "@solana/keys": "7.1.1",
        "@solana/promises": "7.1.1",
        "@solana/rpc": "7.1.1",
        "@solana/rpc-subscriptions": "7.1.1",
        "@solana/rpc-types": "7.1.1",
        "@solana/transaction-messages": "7.1.1",
        "@solana/transactions": "7.1.1"
      },
      "engines": {
        "node": ">=20.18.0"
      },
      "peerDependencies": {
        "typescript": ">=5.4.0"
      },
      "peerDependenciesMeta": {
        "typescript": {
          "optional": true
        }
      }
    },
    "node_modules/@solana/transaction-introspection": {
      "version": "7.1.1",
      "resolved": "https://registry.npmjs.org/@solana/transaction-introspection/-/transaction-introspection-7.1.1.tgz",
      "integrity": "sha512-o0f/wbwmgqRSqzr+RtCG8xZ5zTMVxnYv8LBmcDDCYvTeDPEF0EfHN8Oe28c7grQsXCIeaE+zXZ2p40lkTGZy4g==",
      "license": "MIT",
      "dependencies": {
        "@solana/addresses": "7.1.1",
        "@solana/codecs-core": "7.1.1",
        "@solana/codecs-strings": "7.1.1",
        "@solana/errors": "7.1.1",
        "@solana/instructions": "7.1.1",
        "@solana/rpc-types": "7.1.1",
        "@solana/transaction-messages": "7.1.1",
        "@solana/transactions": "7.1.1"
      },
      "engines": {
        "node": ">=20.18.0"
      },
      "peerDependencies": {
        "typescript": ">=5.4.0"
      },
      "peerDependenciesMeta": {
        "typescript": {
          "optional": true
        }
      }
    },
    "node_modules/@solana/transaction-messages": {
      "version": "7.1.1",
      "resolved": "https://registry.npmjs.org/@solana/transaction-messages/-/transaction-messages-7.1.1.tgz",
      "integrity": "sha512-UBgd/TU0c8blrYDC9sD9P+wgmOOEK4OdODxD8CxB7oumN4ZAENv20u0AdZuvu1n4OwWwc1ikhtKjwg18e4wTIg==",
      "license": "MIT",
      "dependencies": {
        "@solana/addresses": "7.1.1",
        "@solana/codecs-core": "7.1.1",
        "@solana/codecs-data-structures": "7.1.1",
        "@solana/codecs-numbers": "7.1.1",
        "@solana/errors": "7.1.1",
        "@solana/functional": "7.1.1",
        "@solana/instructions": "7.1.1",
        "@solana/nominal-types": "7.1.1",
        "@solana/rpc-types": "7.1.1"
      },
      "engines": {
        "node": ">=20.18.0"
      },
      "peerDependencies": {
        "typescript": ">=5.4.0"
      },
      "peerDependenciesMeta": {
        "typescript": {
          "optional": true
        }
      }
    },
    "node_modules/@solana/transactions": {
      "version": "7.1.1",
      "resolved": "https://registry.npmjs.org/@solana/transactions/-/transactions-7.1.1.tgz",
      "integrity": "sha512-jop8y4+xiDJlocRLxqN++33Z5PDTe72HwmtgGrcIuGB4zq7U/lUX0uZM1JVcs9d3lJ3wBy2CcLTCyoYb78Swhg==",
      "license": "MIT",
      "dependencies": {
        "@solana/addresses": "7.1.1",
        "@solana/codecs-core": "7.1.1",
        "@solana/codecs-data-structures": "7.1.1",
        "@solana/codecs-numbers": "7.1.1",
        "@solana/codecs-strings": "7.1.1",
        "@solana/errors": "7.1.1",
        "@solana/functional": "7.1.1",
        "@solana/instructions": "7.1.1",
        "@solana/keys": "7.1.1",
        "@solana/nominal-types": "7.1.1",
        "@solana/rpc-types": "7.1.1",
        "@solana/transaction-messages": "7.1.1"
      },
      "engines": {
        "node": ">=20.18.0"
      },
      "peerDependencies": {
        "typescript": ">=5.4.0"
      },
      "peerDependenciesMeta": {
        "typescript": {
          "optional": true
        }
      }
    },
    "node_modules/chalk": {
      "version": "5.6.2",
      "resolved": "https://registry.npmjs.org/chalk/-/chalk-5.6.2.tgz",
      "integrity": "sha512-7NzBL0rN6fMUW+f7A6Io4h40qQlG+xGmtMxfbnH/K7TAtt8JQWVQK+6g0UXKMeVJoyV5EkkNsErQ8pVD3bLHbA==",
      "license": "MIT",
      "engines": {
        "node": "^12.17.0 || ^14.13 || >=16.0.0"
      },
      "funding": {
        "url": "https://github.com/chalk/chalk?sponsor=1"
      }
    },
    "node_modules/commander": {
      "version": "15.0.0",
      "resolved": "https://registry.npmjs.org/commander/-/commander-15.0.0.tgz",
      "integrity": "sha512-z67u4ZhzCL/Tydu1lJARtEZYWbWaN7oYLHbsuzocr6y4N6WZAagG3RQ4FW61V1/0+jImpj293XfrcYnd1qxtPg==",
      "license": "MIT",
      "engines": {
        "node": ">=22.12.0"
      }
    },
    "node_modules/undici-types": {
      "version": "8.10.2",
      "resolved": "https://registry.npmjs.org/undici-types/-/undici-types-8.10.2.tgz",
      "integrity": "sha512-7/+aSjzkUoLc92hV22bTW4aGanXf800zbwguhcICs0OAoCF9wDOE4wkopQ+SqfhXZm8mCK8gHpdTs7pZUWzK3w==",
      "license": "MIT"
    },
    "node_modules/ws": {
      "version": "8.21.3",
      "resolved": "https://registry.npmjs.org/ws/-/ws-8.21.3.tgz",
      "integrity": "sha512-201TZ/kPWxoPr/OKWjquZR1SWKXcvxdH+e1xrx89b3YbmzLMFCLfnaG1HFIgWzJOEWZ7MvpK++odZufgYR50Rw==",
      "license": "MIT",
      "engines": {
        "node": ">=10.0.0"
      },
      "peerDependencies": {
        "bufferutil": "^4.0.1",
        "utf-8-validate": ">=5.0.2"
      },
      "peerDependenciesMeta": {
        "bufferutil": {
          "optional": true
        },
        "utf-8-validate": {
          "optional": true
        }
      }
    }
  }
}
